<?xml version="1.0" encoding="utf-8"?>
<Project ToolsVersion="4.0" xmlns="http://schemas.microsoft.com/developer/msbuild/2003">
  <ItemGroup>
    <Filter Include="Header files">
      <UniqueIdentifier>{bfa31391-fe03-415a-8291-ee0d2890cf0e}</UniqueIdentifier>
    </Filter>
    <Filter Include="Source files">
      <UniqueIdentifier>{a41cb260-89a9-4877-ae76-2a6c16845687}</UniqueIdentifier>
    </Filter>
  </ItemGroup>
  <ItemGroup>
    <ClInclude Include="..\..\src\bitstream.h">
      <Filter>Header files</Filter>
    </ClInclude>
    <ClInclude Include="..\..\src\common.h">
      <Filter>Header files</Filter>
    </ClInclude>
    <ClInclude Include="..\..\src\flump3dec.h">
      <Filter>Header files</Filter>
    </ClInclude>
    <ClInclude Include="..\..\src\table-dewindow.h">
      <Filter>Header files</Filter>
    </ClInclude>
    <ClInclude Include="..\..\src\decode.h">
      <Filter>Header files</Filter>
    </ClInclude>
    <ClInclude Include="..\..\src\mp3-c.h">
      <Filter>Header files</Filter>
    </ClInclude>
    <ClInclude Include="..\..\src\mp3-cos-tables.h">
      <Filter>Header files</Filter>
    </ClInclude>
    <ClInclude Include="..\..\src\mp3-ipp.h">
      <Filter>Header files</Filter>
    </ClInclude>
    <ClInclude Include="..\..\src\mp3tl.h">
      <Filter>Header files</Filter>
    </ClInclude>
    <ClInclude Include="..\..\src\mp3tl-priv.h">
      <Filter>Header files</Filter>
    </ClInclude>
    <ClInclude Include="..\..\src\table-bitalloc.h">
      <Filter>Header files</Filter>
    </ClInclude>
    <ClInclude Include="..\..\src\table-dewindow-ipp.h">
      <Filter>Header files</Filter>
    </ClInclude>
    <ClInclude Include="..\..\src\table-huffdec.h">
      <Filter>Header files</Filter>
    </ClInclude>
    <ClInclude Include="..\..\src\table-powtable.h">
      <Filter>Header files</Filter>
    </ClInclude>
    <ClInclude Include="..\..\src\table-powtable-2.h">
      <Filter>Header files</Filter>
    </ClInclude>
  </ItemGroup>
  <ItemGroup>
    <ClCompile Include="..\..\src\bitstream.c">
      <Filter>Source files</Filter>
    </ClCompile>
    <ClCompile Include="..\..\src\common.c">
      <Filter>Source files</Filter>
    </ClCompile>
    <ClCompile Include="..\..\src\flump3dec.c">
      <Filter>Source files</Filter>
    </ClCompile>
    <ClCompile Include="..\..\src\mp3-c.c">
      <Filter>Source files</Filter>
    </ClCompile>
    <ClCompile Include="..\..\src\mp3-c-synth.c">
      <Filter>Source files</Filter>
    </ClCompile>
    <ClCompile Include="..\..\src\mp3tl.c">
      <Filter>Source files</Filter>
    </ClCompile>
    <ClCompile Include="..\..\src\decode.c">
      <Filter>Source files</Filter>
    </ClCompile>
    <ClCompile Include="..\..\src\mp3-ipp.c">
      <Filter>Source files</Filter>
    </ClCompile>
  </ItemGroup>
</Project>